{
  "version": 4,
  "terraform_version": "1.7.4",
  "serial": 110,
  "lineage": "48362e34-d39b-91d0-727a-8b3647225e09",
  "outputs": {},
  "resources": [
    {
      "mode": "managed",
      "type": "confluent_api_key",
      "name": "jump-api-key",
      "provider": "provider[\"registry.terraform.io/confluentinc/confluent\"]",
      "instances": [
        {
          "schema_version": 0,
          "attributes": {
            "description": "Kafka API Key that is owned by cluster manager service acocunt",
            "disable_wait_for_ready": true,
            "display_name": "jump-cluster-api-key",
            "id": "RLTNLLT6UN4RVELL",
            "managed_resource": [
              {
                "api_version": "cmk/v2",
                "environment": [
                  {
                    "id": "env-6wdvz8"
                  }
                ],
                "id": "lkc-8yd6dr",
                "kind": "Cluster"
              }
            ],
            "owner": [
              {
                "api_version": "iam/v2",
                "id": "sa-71v3zw",
                "kind": "ServiceAccount"
              }
            ],
            "secret": "zZdlqVLGKegvJkW9++GeM6iKW4crCoRD9kyCc2FUzjbTbKFqNwHUkxe9Oir5YZhS"
          },
          "sensitive_attributes": [],
          "private": "bnVsbA==",
          "dependencies": [
            "confluent_environment.AWS_terraform",
            "confluent_kafka_cluster.jump-over",
            "confluent_role_binding.jump-cluster-admin",
            "confluent_service_account.jump-over-cluster"
          ]
        }
      ]
    },
    {
      "mode": "managed",
      "type": "confluent_cluster_link",
      "name": "failover-jump",
      "provider": "provider[\"registry.terraform.io/confluentinc/confluent\"]",
      "instances": [
        {
          "schema_version": 0,
          "attributes": {
            "config": {},
            "connection_mode": "OUTBOUND",
            "destination_kafka_cluster": [
              {
                "bootstrap_endpoint": "SASL_SSL://pkc-rrwxk1.us-east-2.aws.confluent.cloud:9092",
                "credentials": [
                  {
                    "key": "RLTNLLT6UN4RVELL",
                    "secret": "zZdlqVLGKegvJkW9++GeM6iKW4crCoRD9kyCc2FUzjbTbKFqNwHUkxe9Oir5YZhS"
                  }
                ],
                "id": "lkc-8yd6dr",
                "rest_endpoint": ""
              }
            ],
            "id": "lkc-25y0qm/demo-link",
            "link_mode": "SOURCE",
            "link_name": "demo-link",
            "local_kafka_cluster": [],
            "remote_kafka_cluster": [],
            "source_kafka_cluster": [
              {
                "bootstrap_endpoint": "",
                "credentials": [
                  {
                    "key": "S2ADGXOZXIBNGT6Q",
                    "secret": "ohm1jNfJdE2PY5pK06RBPqIQjxMoBBz+WArXX2mJ87Bh6t2UHo2qpNm/Fm0ZT/OD"
                  }
                ],
                "id": "lkc-25y0qm",
                "rest_endpoint": "https://pkc-386gyj.us-east-2.aws.confluent.cloud:443"
              }
            ]
          },
          "sensitive_attributes": [
            [
              {
                "type": "get_attr",
                "value": "destination_kafka_cluster"
              },
              {
                "type": "index",
                "value": {
                  "value": 0,
                  "type": "number"
                }
              },
              {
                "type": "get_attr",
                "value": "credentials"
              },
              {
                "type": "index",
                "value": {
                  "value": 0,
                  "type": "number"
                }
              },
              {
                "type": "get_attr",
                "value": "secret"
              }
            ],
            [
              {
                "type": "get_attr",
                "value": "source_kafka_cluster"
              },
              {
                "type": "index",
                "value": {
                  "value": 0,
                  "type": "number"
                }
              },
              {
                "type": "get_attr",
                "value": "credentials"
              },
              {
                "type": "index",
                "value": {
                  "value": 0,
                  "type": "number"
                }
              },
              {
                "type": "get_attr",
                "value": "secret"
              }
            ]
          ],
          "private": "bnVsbA==",
          "dependencies": [
            "confluent_api_key.jump-api-key",
            "confluent_cluster_link.jump-failover",
            "confluent_environment.AWS_terraform",
            "confluent_kafka_cluster.jump-over",
            "confluent_role_binding.jump-cluster-admin",
            "confluent_service_account.jump-over-cluster",
            "module.failover.aws_route.route",
            "module.failover.confluent_api_key.disasterRecovery-api-key",
            "module.failover.confluent_kafka_cluster.failover",
            "module.failover.confluent_network.aws-disaster-vpc-peering",
            "module.failover.confluent_peering.aws-disaster-recovery",
            "module.failover.confluent_role_binding.failover-cluster-admin",
            "module.failover.confluent_service_account.disasterRecovery",
            "module.failover.data.aws_route_tables.rts",
            "module.failover.data.aws_vpc_peering_connection.accepter"
          ]
        }
      ]
    },
    {
      "mode": "managed",
      "type": "confluent_cluster_link",
      "name": "jump-failover",
      "provider": "provider[\"registry.terraform.io/confluentinc/confluent\"]",
      "instances": [
        {
          "schema_version": 0,
          "attributes": {
            "config": {},
            "connection_mode": "INBOUND",
            "destination_kafka_cluster": [
              {
                "bootstrap_endpoint": "",
                "credentials": [
                  {
                    "key": "RLTNLLT6UN4RVELL",
                    "secret": "zZdlqVLGKegvJkW9++GeM6iKW4crCoRD9kyCc2FUzjbTbKFqNwHUkxe9Oir5YZhS"
                  }
                ],
                "id": "lkc-8yd6dr",
                "rest_endpoint": "https://pkc-rrwxk1.us-east-2.aws.confluent.cloud:443"
              }
            ],
            "id": "lkc-8yd6dr/demo-link",
            "link_mode": "DESTINATION",
            "link_name": "demo-link",
            "local_kafka_cluster": [],
            "remote_kafka_cluster": [],
            "source_kafka_cluster": [
              {
                "bootstrap_endpoint": "SASL_SSL://pkc-386gyj.us-east-2.aws.confluent.cloud:9092",
                "credentials": [],
                "id": "lkc-25y0qm",
                "rest_endpoint": ""
              }
            ]
          },
          "sensitive_attributes": [
            [
              {
                "type": "get_attr",
                "value": "destination_kafka_cluster"
              },
              {
                "type": "index",
                "value": {
                  "value": 0,
                  "type": "number"
                }
              },
              {
                "type": "get_attr",
                "value": "credentials"
              },
              {
                "type": "index",
                "value": {
                  "value": 0,
                  "type": "number"
                }
              },
              {
                "type": "get_attr",
                "value": "secret"
              }
            ]
          ],
          "private": "bnVsbA==",
          "dependencies": [
            "confluent_api_key.jump-api-key",
            "confluent_environment.AWS_terraform",
            "confluent_kafka_cluster.jump-over",
            "confluent_role_binding.jump-cluster-admin",
            "confluent_service_account.jump-over-cluster",
            "module.failover.confluent_kafka_cluster.failover",
            "module.failover.confluent_network.aws-disaster-vpc-peering"
          ]
        }
      ]
    },
    {
      "mode": "managed",
      "type": "confluent_cluster_link",
      "name": "jump-source",
      "provider": "provider[\"registry.terraform.io/confluentinc/confluent\"]",
      "instances": [
        {
          "schema_version": 0,
          "attributes": {
            "config": {},
            "connection_mode": "INBOUND",
            "destination_kafka_cluster": [
              {
                "bootstrap_endpoint": "",
                "credentials": [
                  {
                    "key": "RLTNLLT6UN4RVELL",
                    "secret": "zZdlqVLGKegvJkW9++GeM6iKW4crCoRD9kyCc2FUzjbTbKFqNwHUkxe9Oir5YZhS"
                  }
                ],
                "id": "lkc-8yd6dr",
                "rest_endpoint": "https://pkc-rrwxk1.us-east-2.aws.confluent.cloud:443"
              }
            ],
            "id": "lkc-8yd6dr/jump-link",
            "link_mode": "DESTINATION",
            "link_name": "jump-link",
            "local_kafka_cluster": [],
            "remote_kafka_cluster": [],
            "source_kafka_cluster": [
              {
                "bootstrap_endpoint": "SASL_SSL://pkc-7ym932.us-east-1.aws.confluent.cloud:9092",
                "credentials": [],
                "id": "lkc-56yzoq",
                "rest_endpoint": ""
              }
            ]
          },
          "sensitive_attributes": [
            [
              {
                "type": "get_attr",
                "value": "destination_kafka_cluster"
              },
              {
                "type": "index",
                "value": {
                  "value": 0,
                  "type": "number"
                }
              },
              {
                "type": "get_attr",
                "value": "credentials"
              },
              {
                "type": "index",
                "value": {
                  "value": 0,
                  "type": "number"
                }
              },
              {
                "type": "get_attr",
                "value": "secret"
              }
            ]
          ],
          "private": "bnVsbA==",
          "dependencies": [
            "confluent_api_key.jump-api-key",
            "confluent_environment.AWS_terraform",
            "confluent_kafka_cluster.jump-over",
            "confluent_role_binding.jump-cluster-admin",
            "confluent_service_account.jump-over-cluster",
            "module.primary.confluent_kafka_cluster.source",
            "module.primary.confluent_network.aws-source-peering"
          ]
        }
      ]
    },
    {
      "mode": "managed",
      "type": "confluent_cluster_link",
      "name": "source-jumpOver",
      "provider": "provider[\"registry.terraform.io/confluentinc/confluent\"]",
      "instances": [
        {
          "schema_version": 0,
          "attributes": {
            "config": {},
            "connection_mode": "OUTBOUND",
            "destination_kafka_cluster": [
              {
                "bootstrap_endpoint": "SASL_SSL://pkc-rrwxk1.us-east-2.aws.confluent.cloud:9092",
                "credentials": [
                  {
                    "key": "RLTNLLT6UN4RVELL",
                    "secret": "zZdlqVLGKegvJkW9++GeM6iKW4crCoRD9kyCc2FUzjbTbKFqNwHUkxe9Oir5YZhS"
                  }
                ],
                "id": "lkc-8yd6dr",
                "rest_endpoint": ""
              }
            ],
            "id": "lkc-56yzoq/jump-link",
            "link_mode": "SOURCE",
            "link_name": "jump-link",
            "local_kafka_cluster": [],
            "remote_kafka_cluster": [],
            "source_kafka_cluster": [
              {
                "bootstrap_endpoint": "",
                "credentials": [
                  {
                    "key": "RK5UYRNT3WPNM7FN",
                    "secret": "LpY1cI1ECPe/46TLlWIyKTgk3sojmQZgeFyypITo5WFUhqB5mnuuItNDtDpJ9lzX"
                  }
                ],
                "id": "lkc-56yzoq",
                "rest_endpoint": "https://pkc-7ym932.us-east-1.aws.confluent.cloud:443"
              }
            ]
          },
          "sensitive_attributes": [
            [
              {
                "type": "get_attr",
                "value": "source_kafka_cluster"
              },
              {
                "type": "index",
                "value": {
                  "value": 0,
                  "type": "number"
                }
              },
              {
                "type": "get_attr",
                "value": "credentials"
              },
              {
                "type": "index",
                "value": {
                  "value": 0,
                  "type": "number"
                }
              },
              {
                "type": "get_attr",
                "value": "secret"
              }
            ],
            [
              {
                "type": "get_attr",
                "value": "destination_kafka_cluster"
              },
              {
                "type": "index",
                "value": {
                  "value": 0,
                  "type": "number"
                }
              },
              {
                "type": "get_attr",
                "value": "credentials"
              },
              {
                "type": "index",
                "value": {
                  "value": 0,
                  "type": "number"
                }
              },
              {
                "type": "get_attr",
                "value": "secret"
              }
            ]
          ],
          "private": "bnVsbA==",
          "dependencies": [
            "confluent_api_key.jump-api-key",
            "confluent_cluster_link.jump-source",
            "confluent_environment.AWS_terraform",
            "confluent_kafka_cluster.jump-over",
            "confluent_role_binding.jump-cluster-admin",
            "confluent_service_account.jump-over-cluster",
            "module.primary.aws_route.source-route",
            "module.primary.confluent_api_key.source-api-key",
            "module.primary.confluent_kafka_cluster.source",
            "module.primary.confluent_network.aws-source-peering",
            "module.primary.confluent_peering.aws-source",
            "module.primary.confluent_role_binding.source-cluster-admin",
            "module.primary.confluent_service_account.manager-source-cluster",
            "module.primary.data.aws_route_tables.source-rts",
            "module.primary.data.aws_vpc_peering_connection.source-accepter"
          ]
        }
      ]
    },
    {
      "mode": "managed",
      "type": "confluent_environment",
      "name": "AWS_terraform",
      "provider": "provider[\"registry.terraform.io/confluentinc/confluent\"]",
      "instances": [
        {
          "schema_version": 0,
          "attributes": {
            "display_name": "AWS_terraform",
            "id": "env-6wdvz8",
            "resource_name": "crn://confluent.cloud/organization=efbe7abe-f10f-4db0-9e93-c706cc661f17/environment=env-6wdvz8",
            "stream_governance": [
              {
                "package": ""
              }
            ]
          },
          "sensitive_attributes": [],
          "private": "bnVsbA=="
        }
      ]
    },
    {
      "mode": "managed",
      "type": "confluent_kafka_cluster",
      "name": "jump-over",
      "provider": "provider[\"registry.terraform.io/confluentinc/confluent\"]",
      "instances": [
        {
          "schema_version": 1,
          "attributes": {
            "api_version": "cmk/v2",
            "availability": "SINGLE_ZONE",
            "basic": [],
            "bootstrap_endpoint": "SASL_SSL://pkc-rrwxk1.us-east-2.aws.confluent.cloud:9092",
            "byok_key": [
              {
                "id": ""
              }
            ],
            "cloud": "AWS",
            "dedicated": [
              {
                "cku": 1,
                "encryption_key": "",
                "zones": [
                  "use2-az3"
                ]
              }
            ],
            "display_name": "jump-over-cluster",
            "enterprise": [],
            "environment": [
              {
                "id": "env-6wdvz8"
              }
            ],
            "id": "lkc-8yd6dr",
            "kind": "Cluster",
            "network": [
              {
                "id": ""
              }
            ],
            "rbac_crn": "crn://confluent.cloud/organization=efbe7abe-f10f-4db0-9e93-c706cc661f17/environment=env-6wdvz8/cloud-cluster=lkc-8yd6dr",
            "region": "us-east-2",
            "rest_endpoint": "https://pkc-rrwxk1.us-east-2.aws.confluent.cloud:443",
            "standard": [],
            "timeouts": null
          },
          "sensitive_attributes": [],
          "private": "eyJlMmJmYjczMC1lY2FhLTExZTYtOGY4OC0zNDM2M2JjN2M0YzAiOnsiY3JlYXRlIjoyNTkyMDAwMDAwMDAwMDAsInVwZGF0ZSI6MjU5MjAwMDAwMDAwMDAwfSwic2NoZW1hX3ZlcnNpb24iOiIxIn0=",
          "dependencies": [
            "confluent_environment.AWS_terraform"
          ]
        }
      ]
    },
    {
      "mode": "managed",
      "type": "confluent_kafka_mirror_topic",
      "name": "failover-topic",
      "provider": "provider[\"registry.terraform.io/confluentinc/confluent\"]",
      "instances": [
        {
          "schema_version": 0,
          "attributes": {
            "cluster_link": [
              {
                "link_name": "demo-link"
              }
            ],
            "id": "lkc-8yd6dr/demo-link/failover",
            "kafka_cluster": [
              {
                "credentials": [
                  {
                    "key": "RLTNLLT6UN4RVELL",
                    "secret": "zZdlqVLGKegvJkW9++GeM6iKW4crCoRD9kyCc2FUzjbTbKFqNwHUkxe9Oir5YZhS"
                  }
                ],
                "id": "lkc-8yd6dr",
                "rest_endpoint": "https://pkc-rrwxk1.us-east-2.aws.confluent.cloud:443"
              }
            ],
            "mirror_topic_name": "failover",
            "source_kafka_topic": [
              {
                "topic_name": "failover"
              }
            ],
            "status": "ACTIVE"
          },
          "sensitive_attributes": [
            [
              {
                "type": "get_attr",
                "value": "kafka_cluster"
              },
              {
                "type": "index",
                "value": {
                  "value": 0,
                  "type": "number"
                }
              },
              {
                "type": "get_attr",
                "value": "credentials"
              },
              {
                "type": "index",
                "value": {
                  "value": 0,
                  "type": "number"
                }
              },
              {
                "type": "get_attr",
                "value": "secret"
              }
            ]
          ],
          "private": "bnVsbA==",
          "dependencies": [
            "confluent_api_key.jump-api-key",
            "confluent_cluster_link.failover-jump",
            "confluent_cluster_link.jump-failover",
            "confluent_environment.AWS_terraform",
            "confluent_kafka_cluster.jump-over",
            "confluent_role_binding.jump-cluster-admin",
            "confluent_service_account.jump-over-cluster",
            "module.failover.aws_route.route",
            "module.failover.confluent_api_key.disasterRecovery-api-key",
            "module.failover.confluent_kafka_cluster.failover",
            "module.failover.confluent_network.aws-disaster-vpc-peering",
            "module.failover.confluent_peering.aws-disaster-recovery",
            "module.failover.confluent_role_binding.failover-cluster-admin",
            "module.failover.confluent_service_account.disasterRecovery",
            "module.failover.data.aws_route_tables.rts",
            "module.failover.data.aws_vpc_peering_connection.accepter"
          ]
        }
      ]
    },
    {
      "mode": "managed",
      "type": "confluent_kafka_mirror_topic",
      "name": "jumpover-topic",
      "provider": "provider[\"registry.terraform.io/confluentinc/confluent\"]",
      "instances": [
        {
          "schema_version": 0,
          "attributes": {
            "cluster_link": [
              {
                "link_name": "jump-link"
              }
            ],
            "id": "lkc-8yd6dr/jump-link/source",
            "kafka_cluster": [
              {
                "credentials": [
                  {
                    "key": "RLTNLLT6UN4RVELL",
                    "secret": "zZdlqVLGKegvJkW9++GeM6iKW4crCoRD9kyCc2FUzjbTbKFqNwHUkxe9Oir5YZhS"
                  }
                ],
                "id": "lkc-8yd6dr",
                "rest_endpoint": "https://pkc-rrwxk1.us-east-2.aws.confluent.cloud:443"
              }
            ],
            "mirror_topic_name": "source",
            "source_kafka_topic": [
              {
                "topic_name": "source"
              }
            ],
            "status": "ACTIVE"
          },
          "sensitive_attributes": [
            [
              {
                "type": "get_attr",
                "value": "kafka_cluster"
              },
              {
                "type": "index",
                "value": {
                  "value": 0,
                  "type": "number"
                }
              },
              {
                "type": "get_attr",
                "value": "credentials"
              },
              {
                "type": "index",
                "value": {
                  "value": 0,
                  "type": "number"
                }
              },
              {
                "type": "get_attr",
                "value": "secret"
              }
            ]
          ],
          "private": "bnVsbA==",
          "dependencies": [
            "confluent_api_key.jump-api-key",
            "confluent_cluster_link.jump-source",
            "confluent_cluster_link.source-jumpOver",
            "confluent_environment.AWS_terraform",
            "confluent_kafka_cluster.jump-over",
            "confluent_role_binding.jump-cluster-admin",
            "confluent_service_account.jump-over-cluster",
            "module.primary.aws_route.source-route",
            "module.primary.confluent_api_key.source-api-key",
            "module.primary.confluent_kafka_cluster.source",
            "module.primary.confluent_kafka_topic.source",
            "module.primary.confluent_network.aws-source-peering",
            "module.primary.confluent_peering.aws-source",
            "module.primary.confluent_role_binding.source-cluster-admin",
            "module.primary.confluent_service_account.manager-source-cluster",
            "module.primary.data.aws_route_tables.source-rts",
            "module.primary.data.aws_vpc_peering_connection.source-accepter"
          ]
        }
      ]
    },
    {
      "mode": "managed",
      "type": "confluent_role_binding",
      "name": "jump-cluster-admin",
      "provider": "provider[\"registry.terraform.io/confluentinc/confluent\"]",
      "instances": [
        {
          "schema_version": 0,
          "attributes": {
            "crn_pattern": "crn://confluent.cloud/organization=efbe7abe-f10f-4db0-9e93-c706cc661f17/environment=env-6wdvz8/cloud-cluster=lkc-8yd6dr",
            "id": "rb-bqXevk",
            "principal": "User:sa-71v3zw",
            "role_name": "CloudClusterAdmin"
          },
          "sensitive_attributes": [],
          "private": "bnVsbA==",
          "dependencies": [
            "confluent_environment.AWS_terraform",
            "confluent_kafka_cluster.jump-over",
            "confluent_service_account.jump-over-cluster"
          ]
        }
      ]
    },
    {
      "mode": "managed",
      "type": "confluent_service_account",
      "name": "jump-over-cluster",
      "provider": "provider[\"registry.terraform.io/confluentinc/confluent\"]",
      "instances": [
        {
          "schema_version": 0,
          "attributes": {
            "api_version": "iam/v2",
            "description": "Service account to manage the jump cluster",
            "display_name": "jump-cluster",
            "id": "sa-71v3zw",
            "kind": "ServiceAccount"
          },
          "sensitive_attributes": [],
          "private": "bnVsbA=="
        }
      ]
    },
    {
      "module": "module.failover",
      "mode": "data",
      "type": "aws_route_tables",
      "name": "rts",
      "provider": "module.failover.provider[\"registry.terraform.io/hashicorp/aws\"]",
      "instances": [
        {
          "schema_version": 0,
          "attributes": {
            "filter": null,
            "id": "us-east-2",
            "ids": [
              "rtb-090b34a80e8bab956",
              "rtb-0148881fd1a7b0bb7"
            ],
            "tags": null,
            "timeouts": null,
            "vpc_id": "vpc-0dd62df2c3058f7d0"
          },
          "sensitive_attributes": []
        }
      ]
    },
    {
      "module": "module.failover",
      "mode": "data",
      "type": "aws_vpc_peering_connection",
      "name": "accepter",
      "provider": "module.failover.provider[\"registry.terraform.io/hashicorp/aws\"]",
      "instances": [
        {
          "schema_version": 0,
          "attributes": {
            "accepter": {
              "allow_remote_vpc_dns_resolution": false
            },
            "cidr_block": "192.168.0.0/16",
            "cidr_block_set": [
              {
                "cidr_block": "192.168.0.0/16"
              }
            ],
            "filter": null,
            "id": "pcx-0d9877e71b046407e",
            "ipv6_cidr_block_set": [],
            "owner_id": "479111403931",
            "peer_cidr_block": "10.2.0.0/16",
            "peer_cidr_block_set": [
              {
                "cidr_block": "10.2.0.0/16"
              }
            ],
            "peer_ipv6_cidr_block_set": [],
            "peer_owner_id": "106039313224",
            "peer_region": "us-east-2",
            "peer_vpc_id": "vpc-0dd62df2c3058f7d0",
            "region": "us-east-2",
            "requester": null,
            "status": "active",
            "tags": {},
            "timeouts": null,
            "vpc_id": "vpc-0e1d1999a8c9f3c94"
          },
          "sensitive_attributes": []
        }
      ]
    },
    {
      "module": "module.failover",
      "mode": "managed",
      "type": "aws_route",
      "name": "route",
      "provider": "module.failover.provider[\"registry.terraform.io/hashicorp/aws\"]",
      "instances": [
        {
          "index_key": "rtb-0148881fd1a7b0bb7",
          "schema_version": 0,
          "attributes": {
            "carrier_gateway_id": "",
            "core_network_arn": "",
            "destination_cidr_block": "192.168.0.0/16",
            "destination_ipv6_cidr_block": "",
            "destination_prefix_list_id": "",
            "egress_only_gateway_id": "",
            "gateway_id": "",
            "id": "r-rtb-0148881fd1a7b0bb73901788224",
            "instance_id": "",
            "instance_owner_id": "",
            "local_gateway_id": "",
            "nat_gateway_id": "",
            "network_interface_id": "",
            "origin": "CreateRoute",
            "route_table_id": "rtb-0148881fd1a7b0bb7",
            "state": "active",
            "timeouts": null,
            "transit_gateway_id": "",
            "vpc_endpoint_id": "",
            "vpc_peering_connection_id": "pcx-0d9877e71b046407e"
          },
          "sensitive_attributes": [],
          "private": "eyJlMmJmYjczMC1lY2FhLTExZTYtOGY4OC0zNDM2M2JjN2M0YzAiOnsiY3JlYXRlIjozMDAwMDAwMDAwMDAsImRlbGV0ZSI6MzAwMDAwMDAwMDAwLCJ1cGRhdGUiOjEyMDAwMDAwMDAwMH19",
          "dependencies": [
            "confluent_environment.AWS_terraform",
            "module.failover.confluent_network.aws-disaster-vpc-peering",
            "module.failover.confluent_peering.aws-disaster-recovery",
            "module.failover.data.aws_route_tables.rts",
            "module.failover.data.aws_vpc_peering_connection.accepter"
          ]
        },
        {
          "index_key": "rtb-090b34a80e8bab956",
          "schema_version": 0,
          "attributes": {
            "carrier_gateway_id": "",
            "core_network_arn": "",
            "destination_cidr_block": "192.168.0.0/16",
            "destination_ipv6_cidr_block": "",
            "destination_prefix_list_id": "",
            "egress_only_gateway_id": "",
            "gateway_id": "",
            "id": "r-rtb-090b34a80e8bab9563901788224",
            "instance_id": "",
            "instance_owner_id": "",
            "local_gateway_id": "",
            "nat_gateway_id": "",
            "network_interface_id": "",
            "origin": "CreateRoute",
            "route_table_id": "rtb-090b34a80e8bab956",
            "state": "active",
            "timeouts": null,
            "transit_gateway_id": "",
            "vpc_endpoint_id": "",
            "vpc_peering_connection_id": "pcx-0d9877e71b046407e"
          },
          "sensitive_attributes": [],
          "private": "eyJlMmJmYjczMC1lY2FhLTExZTYtOGY4OC0zNDM2M2JjN2M0YzAiOnsiY3JlYXRlIjozMDAwMDAwMDAwMDAsImRlbGV0ZSI6MzAwMDAwMDAwMDAwLCJ1cGRhdGUiOjEyMDAwMDAwMDAwMH19",
          "dependencies": [
            "confluent_environment.AWS_terraform",
            "module.failover.confluent_network.aws-disaster-vpc-peering",
            "module.failover.confluent_peering.aws-disaster-recovery",
            "module.failover.data.aws_route_tables.rts",
            "module.failover.data.aws_vpc_peering_connection.accepter"
          ]
        }
      ]
    },
    {
      "module": "module.failover",
      "mode": "managed",
      "type": "aws_vpc_peering_connection_accepter",
      "name": "peer",
      "provider": "module.failover.provider[\"registry.terraform.io/hashicorp/aws\"]",
      "instances": [
        {
          "schema_version": 0,
          "attributes": {
            "accept_status": "active",
            "accepter": [
              {
                "allow_remote_vpc_dns_resolution": false
              }
            ],
            "auto_accept": true,
            "id": "pcx-0d9877e71b046407e",
            "peer_owner_id": "479111403931",
            "peer_region": "us-east-2",
            "peer_vpc_id": "vpc-0e1d1999a8c9f3c94",
            "requester": [],
            "tags": {},
            "tags_all": {},
            "timeouts": null,
            "vpc_id": "vpc-0dd62df2c3058f7d0",
            "vpc_peering_connection_id": "pcx-0d9877e71b046407e"
          },
          "sensitive_attributes": [],
          "private": "eyJlMmJmYjczMC1lY2FhLTExZTYtOGY4OC0zNDM2M2JjN2M0YzAiOnsiY3JlYXRlIjo2MDAwMDAwMDAwMCwidXBkYXRlIjo2MDAwMDAwMDAwMH19",
          "dependencies": [
            "confluent_environment.AWS_terraform",
            "module.failover.confluent_network.aws-disaster-vpc-peering",
            "module.failover.confluent_peering.aws-disaster-recovery",
            "module.failover.data.aws_vpc_peering_connection.accepter"
          ]
        }
      ]
    },
    {
      "module": "module.failover",
      "mode": "managed",
      "type": "confluent_api_key",
      "name": "disasterRecovery-api-key",
      "provider": "module.failover.provider[\"registry.terraform.io/confluentinc/confluent\"]",
      "instances": [
        {
          "schema_version": 0,
          "attributes": {
            "description": "Kafka API Key that is owned by Disaster recovery cluster service account",
            "disable_wait_for_ready": true,
            "display_name": "disaster-recovery-api-key",
            "id": "S2ADGXOZXIBNGT6Q",
            "managed_resource": [
              {
                "api_version": "cmk/v2",
                "environment": [
                  {
                    "id": "env-6wdvz8"
                  }
                ],
                "id": "lkc-25y0qm",
                "kind": "Cluster"
              }
            ],
            "owner": [
              {
                "api_version": "iam/v2",
                "id": "sa-mn1rv2",
                "kind": "ServiceAccount"
              }
            ],
            "secret": "ohm1jNfJdE2PY5pK06RBPqIQjxMoBBz+WArXX2mJ87Bh6t2UHo2qpNm/Fm0ZT/OD"
          },
          "sensitive_attributes": [],
          "private": "bnVsbA==",
          "dependencies": [
            "confluent_environment.AWS_terraform",
            "module.failover.aws_route.route",
            "module.failover.confluent_kafka_cluster.failover",
            "module.failover.confluent_network.aws-disaster-vpc-peering",
            "module.failover.confluent_peering.aws-disaster-recovery",
            "module.failover.confluent_role_binding.failover-cluster-admin",
            "module.failover.confluent_service_account.disasterRecovery",
            "module.failover.data.aws_route_tables.rts",
            "module.failover.data.aws_vpc_peering_connection.accepter"
          ]
        }
      ]
    },
    {
      "module": "module.failover",
      "mode": "managed",
      "type": "confluent_kafka_cluster",
      "name": "failover",
      "provider": "module.failover.provider[\"registry.terraform.io/confluentinc/confluent\"]",
      "instances": [
        {
          "schema_version": 1,
          "attributes": {
            "api_version": "cmk/v2",
            "availability": "SINGLE_ZONE",
            "basic": [],
            "bootstrap_endpoint": "SASL_SSL://pkc-386gyj.us-east-2.aws.confluent.cloud:9092",
            "byok_key": [
              {
                "id": ""
              }
            ],
            "cloud": "AWS",
            "dedicated": [
              {
                "cku": 1,
                "encryption_key": "",
                "zones": [
                  "use2-az2"
                ]
              }
            ],
            "display_name": "failover_cluster",
            "enterprise": [],
            "environment": [
              {
                "id": "env-6wdvz8"
              }
            ],
            "id": "lkc-25y0qm",
            "kind": "Cluster",
            "network": [
              {
                "id": "n-1lvlzw"
              }
            ],
            "rbac_crn": "crn://confluent.cloud/organization=efbe7abe-f10f-4db0-9e93-c706cc661f17/environment=env-6wdvz8/cloud-cluster=lkc-25y0qm",
            "region": "us-east-2",
            "rest_endpoint": "https://pkc-386gyj.us-east-2.aws.confluent.cloud:443",
            "standard": [],
            "timeouts": null
          },
          "sensitive_attributes": [],
          "private": "eyJlMmJmYjczMC1lY2FhLTExZTYtOGY4OC0zNDM2M2JjN2M0YzAiOnsiY3JlYXRlIjoyNTkyMDAwMDAwMDAwMDAsInVwZGF0ZSI6MjU5MjAwMDAwMDAwMDAwfSwic2NoZW1hX3ZlcnNpb24iOiIxIn0=",
          "dependencies": [
            "confluent_environment.AWS_terraform",
            "module.failover.confluent_network.aws-disaster-vpc-peering"
          ]
        }
      ]
    },
    {
      "module": "module.failover",
      "mode": "managed",
      "type": "confluent_kafka_topic",
      "name": "failover",
      "provider": "module.failover.provider[\"registry.terraform.io/confluentinc/confluent\"]",
      "instances": [
        {
          "schema_version": 2,
          "attributes": {
            "config": {},
            "credentials": [
              {
                "key": "S2ADGXOZXIBNGT6Q",
                "secret": "ohm1jNfJdE2PY5pK06RBPqIQjxMoBBz+WArXX2mJ87Bh6t2UHo2qpNm/Fm0ZT/OD"
              }
            ],
            "id": "lkc-25y0qm/failover",
            "kafka_cluster": [
              {
                "id": "lkc-25y0qm"
              }
            ],
            "partitions_count": 6,
            "rest_endpoint": "https://pkc-386gyj.us-east-2.aws.confluent.cloud:443",
            "topic_name": "failover"
          },
          "sensitive_attributes": [
            [
              {
                "type": "get_attr",
                "value": "credentials"
              },
              {
                "type": "index",
                "value": {
                  "value": 0,
                  "type": "number"
                }
              },
              {
                "type": "get_attr",
                "value": "secret"
              }
            ]
          ],
          "private": "eyJzY2hlbWFfdmVyc2lvbiI6IjIifQ==",
          "dependencies": [
            "confluent_environment.AWS_terraform",
            "module.failover.aws_route.route",
            "module.failover.confluent_api_key.disasterRecovery-api-key",
            "module.failover.confluent_kafka_cluster.failover",
            "module.failover.confluent_network.aws-disaster-vpc-peering",
            "module.failover.confluent_peering.aws-disaster-recovery",
            "module.failover.confluent_role_binding.failover-cluster-admin",
            "module.failover.confluent_service_account.disasterRecovery",
            "module.failover.data.aws_route_tables.rts",
            "module.failover.data.aws_vpc_peering_connection.accepter"
          ]
        }
      ]
    },
    {
      "module": "module.failover",
      "mode": "managed",
      "type": "confluent_network",
      "name": "aws-disaster-vpc-peering",
      "provider": "module.failover.provider[\"registry.terraform.io/confluentinc/confluent\"]",
      "instances": [
        {
          "schema_version": 0,
          "attributes": {
            "aws": [
              {
                "account": "479111403931",
                "private_link_endpoint_service": "",
                "vpc": "vpc-0e1d1999a8c9f3c94"
              }
            ],
            "azure": [],
            "cidr": "192.168.0.0/16",
            "cloud": "AWS",
            "connection_types": [
              "PEERING"
            ],
            "display_name": "AWS Disaster Recovery VPC Peering",
            "dns_config": [
              {
                "resolution": ""
              }
            ],
            "dns_domain": "1lvlzw.us-east-2.aws.confluent.cloud",
            "environment": [
              {
                "id": "env-6wdvz8"
              }
            ],
            "gateway": [
              {
                "id": "gw-6ljqq1"
              }
            ],
            "gcp": [],
            "id": "n-1lvlzw",
            "region": "us-east-2",
            "reserved_cidr": "",
            "resource_name": "crn://confluent.cloud/organization=efbe7abe-f10f-4db0-9e93-c706cc661f17/environment=env-6wdvz8/network=n-1lvlzw",
            "timeouts": null,
            "zonal_subdomains": {
              "use2-az1": "use2-az1.1lvlzw.us-east-2.aws.confluent.cloud",
              "use2-az2": "use2-az2.1lvlzw.us-east-2.aws.confluent.cloud",
              "use2-az3": "use2-az3.1lvlzw.us-east-2.aws.confluent.cloud"
            },
            "zone_info": [],
            "zones": [
              "use2-az3",
              "use2-az1",
              "use2-az2"
            ]
          },
          "sensitive_attributes": [],
          "private": "eyJlMmJmYjczMC1lY2FhLTExZTYtOGY4OC0zNDM2M2JjN2M0YzAiOnsiY3JlYXRlIjo3MjAwMDAwMDAwMDAwLCJkZWxldGUiOjE4MDAwMDAwMDAwMDAwfX0=",
          "dependencies": [
            "confluent_environment.AWS_terraform"
          ]
        }
      ]
    },
    {
      "module": "module.failover",
      "mode": "managed",
      "type": "confluent_peering",
      "name": "aws-disaster-recovery",
      "provider": "module.failover.provider[\"registry.terraform.io/confluentinc/confluent\"]",
      "instances": [
        {
          "schema_version": 0,
          "attributes": {
            "aws": [
              {
                "account": "106039313224",
                "customer_region": "us-east-2",
                "routes": [
                  "10.2.0.0/16"
                ],
                "vpc": "vpc-0dd62df2c3058f7d0"
              }
            ],
            "azure": [],
            "display_name": "AWS Disaster Recovery Peering",
            "environment": [
              {
                "id": "env-6wdvz8"
              }
            ],
            "gcp": [],
            "id": "peer-py0x3g",
            "network": [
              {
                "id": "n-1lvlzw"
              }
            ],
            "timeouts": null
          },
          "sensitive_attributes": [],
          "private": "eyJlMmJmYjczMC1lY2FhLTExZTYtOGY4OC0zNDM2M2JjN2M0YzAiOnsiY3JlYXRlIjo3MjAwMDAwMDAwMDAwLCJkZWxldGUiOjE4MDAwMDAwMDAwMDAwfX0=",
          "dependencies": [
            "confluent_environment.AWS_terraform",
            "module.failover.confluent_network.aws-disaster-vpc-peering"
          ]
        }
      ]
    },
    {
      "module": "module.failover",
      "mode": "managed",
      "type": "confluent_role_binding",
      "name": "failover-cluster-admin",
      "provider": "module.failover.provider[\"registry.terraform.io/confluentinc/confluent\"]",
      "instances": [
        {
          "schema_version": 0,
          "attributes": {
            "crn_pattern": "crn://confluent.cloud/organization=efbe7abe-f10f-4db0-9e93-c706cc661f17/environment=env-6wdvz8/cloud-cluster=lkc-25y0qm",
            "id": "rb-oY30D5",
            "principal": "User:sa-mn1rv2",
            "role_name": "CloudClusterAdmin"
          },
          "sensitive_attributes": [],
          "private": "bnVsbA==",
          "dependencies": [
            "confluent_environment.AWS_terraform",
            "module.failover.confluent_kafka_cluster.failover",
            "module.failover.confluent_network.aws-disaster-vpc-peering",
            "module.failover.confluent_service_account.disasterRecovery"
          ]
        }
      ]
    },
    {
      "module": "module.failover",
      "mode": "managed",
      "type": "confluent_service_account",
      "name": "disasterRecovery",
      "provider": "module.failover.provider[\"registry.terraform.io/confluentinc/confluent\"]",
      "instances": [
        {
          "schema_version": 0,
          "attributes": {
            "api_version": "iam/v2",
            "description": "Service account to manager the Disaster recovery cluster",
            "display_name": "disaster-recovery-service-account",
            "id": "sa-mn1rv2",
            "kind": "ServiceAccount"
          },
          "sensitive_attributes": [],
          "private": "bnVsbA=="
        }
      ]
    },
    {
      "module": "module.primary",
      "mode": "data",
      "type": "aws_route_tables",
      "name": "source-rts",
      "provider": "module.primary.provider[\"registry.terraform.io/hashicorp/aws\"]",
      "instances": [
        {
          "schema_version": 0,
          "attributes": {
            "filter": null,
            "id": "us-east-1",
            "ids": [
              "rtb-00fe62d524497eacc",
              "rtb-093ec0aaaa5b71c58"
            ],
            "tags": null,
            "timeouts": null,
            "vpc_id": "vpc-06fb07384264ca2ec"
          },
          "sensitive_attributes": []
        }
      ]
    },
    {
      "module": "module.primary",
      "mode": "data",
      "type": "aws_vpc_peering_connection",
      "name": "source-accepter",
      "provider": "module.primary.provider[\"registry.terraform.io/hashicorp/aws\"]",
      "instances": [
        {
          "schema_version": 0,
          "attributes": {
            "accepter": {
              "allow_remote_vpc_dns_resolution": false
            },
            "cidr_block": "192.168.0.0/16",
            "cidr_block_set": [
              {
                "cidr_block": "192.168.0.0/16"
              }
            ],
            "filter": null,
            "id": "pcx-07f45ebac753d892a",
            "ipv6_cidr_block_set": [],
            "owner_id": "479111403931",
            "peer_cidr_block": "10.0.0.0/16",
            "peer_cidr_block_set": [
              {
                "cidr_block": "10.0.0.0/16"
              }
            ],
            "peer_ipv6_cidr_block_set": [],
            "peer_owner_id": "106039313224",
            "peer_region": "us-east-1",
            "peer_vpc_id": "vpc-06fb07384264ca2ec",
            "region": "us-east-1",
            "requester": null,
            "status": "active",
            "tags": {},
            "timeouts": null,
            "vpc_id": "vpc-080ebe70e2f2a8b38"
          },
          "sensitive_attributes": []
        }
      ]
    },
    {
      "module": "module.primary",
      "mode": "managed",
      "type": "aws_route",
      "name": "source-route",
      "provider": "module.primary.provider[\"registry.terraform.io/hashicorp/aws\"]",
      "instances": [
        {
          "index_key": "rtb-00fe62d524497eacc",
          "schema_version": 0,
          "attributes": {
            "carrier_gateway_id": "",
            "core_network_arn": "",
            "destination_cidr_block": "192.168.0.0/16",
            "destination_ipv6_cidr_block": "",
            "destination_prefix_list_id": "",
            "egress_only_gateway_id": "",
            "gateway_id": "",
            "id": "r-rtb-00fe62d524497eacc3901788224",
            "instance_id": "",
            "instance_owner_id": "",
            "local_gateway_id": "",
            "nat_gateway_id": "",
            "network_interface_id": "",
            "origin": "CreateRoute",
            "route_table_id": "rtb-00fe62d524497eacc",
            "state": "active",
            "timeouts": null,
            "transit_gateway_id": "",
            "vpc_endpoint_id": "",
            "vpc_peering_connection_id": "pcx-07f45ebac753d892a"
          },
          "sensitive_attributes": [],
          "private": "eyJlMmJmYjczMC1lY2FhLTExZTYtOGY4OC0zNDM2M2JjN2M0YzAiOnsiY3JlYXRlIjozMDAwMDAwMDAwMDAsImRlbGV0ZSI6MzAwMDAwMDAwMDAwLCJ1cGRhdGUiOjEyMDAwMDAwMDAwMH19",
          "dependencies": [
            "confluent_environment.AWS_terraform",
            "module.primary.confluent_network.aws-source-peering",
            "module.primary.confluent_peering.aws-source",
            "module.primary.data.aws_route_tables.source-rts",
            "module.primary.data.aws_vpc_peering_connection.source-accepter"
          ]
        },
        {
          "index_key": "rtb-093ec0aaaa5b71c58",
          "schema_version": 0,
          "attributes": {
            "carrier_gateway_id": "",
            "core_network_arn": "",
            "destination_cidr_block": "192.168.0.0/16",
            "destination_ipv6_cidr_block": "",
            "destination_prefix_list_id": "",
            "egress_only_gateway_id": "",
            "gateway_id": "",
            "id": "r-rtb-093ec0aaaa5b71c583901788224",
            "instance_id": "",
            "instance_owner_id": "",
            "local_gateway_id": "",
            "nat_gateway_id": "",
            "network_interface_id": "",
            "origin": "CreateRoute",
            "route_table_id": "rtb-093ec0aaaa5b71c58",
            "state": "active",
            "timeouts": null,
            "transit_gateway_id": "",
            "vpc_endpoint_id": "",
            "vpc_peering_connection_id": "pcx-07f45ebac753d892a"
          },
          "sensitive_attributes": [],
          "private": "eyJlMmJmYjczMC1lY2FhLTExZTYtOGY4OC0zNDM2M2JjN2M0YzAiOnsiY3JlYXRlIjozMDAwMDAwMDAwMDAsImRlbGV0ZSI6MzAwMDAwMDAwMDAwLCJ1cGRhdGUiOjEyMDAwMDAwMDAwMH19",
          "dependencies": [
            "confluent_environment.AWS_terraform",
            "module.primary.confluent_network.aws-source-peering",
            "module.primary.confluent_peering.aws-source",
            "module.primary.data.aws_route_tables.source-rts",
            "module.primary.data.aws_vpc_peering_connection.source-accepter"
          ]
        }
      ]
    },
    {
      "module": "module.primary",
      "mode": "managed",
      "type": "aws_vpc_peering_connection_accepter",
      "name": "peering",
      "provider": "module.primary.provider[\"registry.terraform.io/hashicorp/aws\"]",
      "instances": [
        {
          "schema_version": 0,
          "attributes": {
            "accept_status": "active",
            "accepter": [
              {
                "allow_remote_vpc_dns_resolution": false
              }
            ],
            "auto_accept": false,
            "id": "pcx-07f45ebac753d892a",
            "peer_owner_id": "479111403931",
            "peer_region": "us-east-1",
            "peer_vpc_id": "vpc-080ebe70e2f2a8b38",
            "requester": [],
            "tags": {},
            "tags_all": {},
            "timeouts": null,
            "vpc_id": "vpc-06fb07384264ca2ec",
            "vpc_peering_connection_id": "pcx-07f45ebac753d892a"
          },
          "sensitive_attributes": [],
          "private": "eyJlMmJmYjczMC1lY2FhLTExZTYtOGY4OC0zNDM2M2JjN2M0YzAiOnsiY3JlYXRlIjo2MDAwMDAwMDAwMCwidXBkYXRlIjo2MDAwMDAwMDAwMH19",
          "dependencies": [
            "confluent_environment.AWS_terraform",
            "module.primary.confluent_network.aws-source-peering",
            "module.primary.confluent_peering.aws-source",
            "module.primary.data.aws_vpc_peering_connection.source-accepter"
          ]
        }
      ]
    },
    {
      "module": "module.primary",
      "mode": "managed",
      "type": "confluent_api_key",
      "name": "source-api-key",
      "provider": "module.primary.provider[\"registry.terraform.io/confluentinc/confluent\"]",
      "instances": [
        {
          "schema_version": 0,
          "attributes": {
            "description": "Kafka API Key that is owned by cluster manager service acocunt",
            "disable_wait_for_ready": true,
            "display_name": "cluster-manager-api-key",
            "id": "RK5UYRNT3WPNM7FN",
            "managed_resource": [
              {
                "api_version": "cmk/v2",
                "environment": [
                  {
                    "id": "env-6wdvz8"
                  }
                ],
                "id": "lkc-56yzoq",
                "kind": "Cluster"
              }
            ],
            "owner": [
              {
                "api_version": "iam/v2",
                "id": "sa-y507o6",
                "kind": "ServiceAccount"
              }
            ],
            "secret": "LpY1cI1ECPe/46TLlWIyKTgk3sojmQZgeFyypITo5WFUhqB5mnuuItNDtDpJ9lzX"
          },
          "sensitive_attributes": [],
          "private": "bnVsbA==",
          "dependencies": [
            "confluent_environment.AWS_terraform",
            "module.primary.aws_route.source-route",
            "module.primary.confluent_kafka_cluster.source",
            "module.primary.confluent_network.aws-source-peering",
            "module.primary.confluent_peering.aws-source",
            "module.primary.confluent_role_binding.source-cluster-admin",
            "module.primary.confluent_service_account.manager-source-cluster",
            "module.primary.data.aws_route_tables.source-rts",
            "module.primary.data.aws_vpc_peering_connection.source-accepter"
          ]
        }
      ]
    },
    {
      "module": "module.primary",
      "mode": "managed",
      "type": "confluent_kafka_cluster",
      "name": "source",
      "provider": "module.primary.provider[\"registry.terraform.io/confluentinc/confluent\"]",
      "instances": [
        {
          "schema_version": 1,
          "attributes": {
            "api_version": "cmk/v2",
            "availability": "SINGLE_ZONE",
            "basic": [],
            "bootstrap_endpoint": "SASL_SSL://pkc-7ym932.us-east-1.aws.confluent.cloud:9092",
            "byok_key": [
              {
                "id": ""
              }
            ],
            "cloud": "AWS",
            "dedicated": [
              {
                "cku": 1,
                "encryption_key": "",
                "zones": [
                  "use1-az6"
                ]
              }
            ],
            "display_name": "kafka_source_cluster",
            "enterprise": [],
            "environment": [
              {
                "id": "env-6wdvz8"
              }
            ],
            "id": "lkc-56yzoq",
            "kind": "Cluster",
            "network": [
              {
                "id": "n-j237xe"
              }
            ],
            "rbac_crn": "crn://confluent.cloud/organization=efbe7abe-f10f-4db0-9e93-c706cc661f17/environment=env-6wdvz8/cloud-cluster=lkc-56yzoq",
            "region": "us-east-1",
            "rest_endpoint": "https://pkc-7ym932.us-east-1.aws.confluent.cloud:443",
            "standard": [],
            "timeouts": null
          },
          "sensitive_attributes": [],
          "private": "eyJlMmJmYjczMC1lY2FhLTExZTYtOGY4OC0zNDM2M2JjN2M0YzAiOnsiY3JlYXRlIjoyNTkyMDAwMDAwMDAwMDAsInVwZGF0ZSI6MjU5MjAwMDAwMDAwMDAwfSwic2NoZW1hX3ZlcnNpb24iOiIxIn0=",
          "dependencies": [
            "confluent_environment.AWS_terraform",
            "module.primary.confluent_network.aws-source-peering"
          ]
        }
      ]
    },
    {
      "module": "module.primary",
      "mode": "managed",
      "type": "confluent_kafka_topic",
      "name": "source",
      "provider": "module.primary.provider[\"registry.terraform.io/confluentinc/confluent\"]",
      "instances": [
        {
          "schema_version": 2,
          "attributes": {
            "config": {},
            "credentials": [
              {
                "key": "RK5UYRNT3WPNM7FN",
                "secret": "LpY1cI1ECPe/46TLlWIyKTgk3sojmQZgeFyypITo5WFUhqB5mnuuItNDtDpJ9lzX"
              }
            ],
            "id": "lkc-56yzoq/source",
            "kafka_cluster": [
              {
                "id": "lkc-56yzoq"
              }
            ],
            "partitions_count": 6,
            "rest_endpoint": "https://pkc-7ym932.us-east-1.aws.confluent.cloud:443",
            "topic_name": "source"
          },
          "sensitive_attributes": [
            [
              {
                "type": "get_attr",
                "value": "credentials"
              },
              {
                "type": "index",
                "value": {
                  "value": 0,
                  "type": "number"
                }
              },
              {
                "type": "get_attr",
                "value": "secret"
              }
            ]
          ],
          "private": "eyJzY2hlbWFfdmVyc2lvbiI6IjIifQ==",
          "dependencies": [
            "confluent_environment.AWS_terraform",
            "module.primary.aws_route.source-route",
            "module.primary.confluent_api_key.source-api-key",
            "module.primary.confluent_kafka_cluster.source",
            "module.primary.confluent_network.aws-source-peering",
            "module.primary.confluent_peering.aws-source",
            "module.primary.confluent_role_binding.source-cluster-admin",
            "module.primary.confluent_service_account.manager-source-cluster",
            "module.primary.data.aws_route_tables.source-rts",
            "module.primary.data.aws_vpc_peering_connection.source-accepter"
          ]
        }
      ]
    },
    {
      "module": "module.primary",
      "mode": "managed",
      "type": "confluent_network",
      "name": "aws-source-peering",
      "provider": "module.primary.provider[\"registry.terraform.io/confluentinc/confluent\"]",
      "instances": [
        {
          "schema_version": 0,
          "attributes": {
            "aws": [
              {
                "account": "479111403931",
                "private_link_endpoint_service": "",
                "vpc": "vpc-080ebe70e2f2a8b38"
              }
            ],
            "azure": [],
            "cidr": "192.168.0.0/16",
            "cloud": "AWS",
            "connection_types": [
              "PEERING"
            ],
            "display_name": "Source VPC Peering Network",
            "dns_config": [
              {
                "resolution": ""
              }
            ],
            "dns_domain": "j237xe.us-east-1.aws.confluent.cloud",
            "environment": [
              {
                "id": "env-6wdvz8"
              }
            ],
            "gateway": [
              {
                "id": "gw-10qxp6"
              }
            ],
            "gcp": [],
            "id": "n-j237xe",
            "region": "us-east-1",
            "reserved_cidr": "",
            "resource_name": "crn://confluent.cloud/organization=efbe7abe-f10f-4db0-9e93-c706cc661f17/environment=env-6wdvz8/network=n-j237xe",
            "timeouts": null,
            "zonal_subdomains": {
              "use1-az2": "use1-az2.j237xe.us-east-1.aws.confluent.cloud",
              "use1-az4": "use1-az4.j237xe.us-east-1.aws.confluent.cloud",
              "use1-az6": "use1-az6.j237xe.us-east-1.aws.confluent.cloud"
            },
            "zone_info": [],
            "zones": [
              "use1-az2",
              "use1-az6",
              "use1-az4"
            ]
          },
          "sensitive_attributes": [],
          "private": "eyJlMmJmYjczMC1lY2FhLTExZTYtOGY4OC0zNDM2M2JjN2M0YzAiOnsiY3JlYXRlIjo3MjAwMDAwMDAwMDAwLCJkZWxldGUiOjE4MDAwMDAwMDAwMDAwfX0=",
          "dependencies": [
            "confluent_environment.AWS_terraform"
          ]
        }
      ]
    },
    {
      "module": "module.primary",
      "mode": "managed",
      "type": "confluent_peering",
      "name": "aws-source",
      "provider": "module.primary.provider[\"registry.terraform.io/confluentinc/confluent\"]",
      "instances": [
        {
          "schema_version": 0,
          "attributes": {
            "aws": [
              {
                "account": "106039313224",
                "customer_region": "us-east-1",
                "routes": [
                  "10.0.0.0/16"
                ],
                "vpc": "vpc-06fb07384264ca2ec"
              }
            ],
            "azure": [],
            "display_name": "AWS Peering",
            "environment": [
              {
                "id": "env-6wdvz8"
              }
            ],
            "gcp": [],
            "id": "peer-gqo03p",
            "network": [
              {
                "id": "n-j237xe"
              }
            ],
            "timeouts": null
          },
          "sensitive_attributes": [],
          "private": "eyJlMmJmYjczMC1lY2FhLTExZTYtOGY4OC0zNDM2M2JjN2M0YzAiOnsiY3JlYXRlIjo3MjAwMDAwMDAwMDAwLCJkZWxldGUiOjE4MDAwMDAwMDAwMDAwfX0=",
          "dependencies": [
            "confluent_environment.AWS_terraform",
            "module.primary.confluent_network.aws-source-peering"
          ]
        }
      ]
    },
    {
      "module": "module.primary",
      "mode": "managed",
      "type": "confluent_role_binding",
      "name": "source-cluster-admin",
      "provider": "module.primary.provider[\"registry.terraform.io/confluentinc/confluent\"]",
      "instances": [
        {
          "schema_version": 0,
          "attributes": {
            "crn_pattern": "crn://confluent.cloud/organization=efbe7abe-f10f-4db0-9e93-c706cc661f17/environment=env-6wdvz8/cloud-cluster=lkc-56yzoq",
            "id": "rb-wb5Y6M",
            "principal": "User:sa-y507o6",
            "role_name": "CloudClusterAdmin"
          },
          "sensitive_attributes": [],
          "private": "bnVsbA==",
          "dependencies": [
            "confluent_environment.AWS_terraform",
            "module.primary.confluent_kafka_cluster.source",
            "module.primary.confluent_network.aws-source-peering",
            "module.primary.confluent_service_account.manager-source-cluster"
          ]
        }
      ]
    },
    {
      "module": "module.primary",
      "mode": "managed",
      "type": "confluent_service_account",
      "name": "manager-source-cluster",
      "provider": "module.primary.provider[\"registry.terraform.io/confluentinc/confluent\"]",
      "instances": [
        {
          "schema_version": 0,
          "attributes": {
            "api_version": "iam/v2",
            "description": "Service account to manage the source cluster",
            "display_name": "manager-source-cluster",
            "id": "sa-y507o6",
            "kind": "ServiceAccount"
          },
          "sensitive_attributes": [],
          "private": "bnVsbA=="
        }
      ]
    }
  ],
  "check_results": null
}
